
Microsoft Visual Studio Solution File, Format Version 12.00
# Visual Studio Version 16
VisualStudioVersion = 16.0.29411.108
MinimumVisualStudioVersion = 10.0.40219.1
Project("{2150E333-8FDC-42A3-9474-1A3956D46DE8}") = "src", "src", "{9CBC7286-B224-448F-96DD-1AF7B5B7067B}"
EndProject
Project("{2150E333-8FDC-42A3-9474-1A3956D46DE8}") = "Solution Items", "Solution Items", "{32FA66FA-C473-446B-BF2A-BED17579D816}"
EndProject
Project("{2150E333-8FDC-42A3-9474-1A3956D46DE8}") = "BuildingBlocks", "BuildingBlocks", "{7DD83D5F-3228-41F8-9AF3-4E8AE33E3875}"
EndProject
Project("{2150E333-8FDC-42A3-9474-1A3956D46DE8}") = "Services", "Services", "{8F20ADE0-3BCB-4426-AE70-93BBA5DDCA5A}"
EndProject
Project("{2150E333-8FDC-42A3-9474-1A3956D46DE8}") = "Web Apps", "Web Apps", "{677366E3-FE8F-4EBB-A47C-B405D4D4B1CC}"
EndProject
Project("{2150E333-8FDC-42A3-9474-1A3956D46DE8}") = "tests", "tests", "{6CFF332B-8470-4F7E-8993-32A5283FF648}"
EndProject
Project("{2150E333-8FDC-42A3-9474-1A3956D46DE8}") = "EventBus", "EventBus", "{49A0DF08-FA3F-44CA-A195-200CA6EAEA36}"
EndProject
Project("{2150E333-8FDC-42A3-9474-1A3956D46DE8}") = "Clientes", "Clientes", "{5674C1F0-28AB-4870-9EEE-CB2B4407E33C}"
EndProject
Project("{2150E333-8FDC-42A3-9474-1A3956D46DE8}") = "Contas", "Contas", "{6CF10F25-2E64-47A8-9F0F-43FACBFBD524}"
EndProject
Project("{9A19103F-16F7-4668-BE54-9A1E7A4F7556}") = "Clientes.Api", "src\Services\Clientes\Clientes.Api\Clientes.Api.csproj", "{2BD5B1BB-52DD-4DA7-8EC0-DDE79C4D2BD0}"
EndProject
Project("{9A19103F-16F7-4668-BE54-9A1E7A4F7556}") = "Clientes.Application", "src\Services\Clientes\Clientes.Application\Clientes.Application.csproj", "{96479927-B2E1-4FAE-A912-48808A260216}"
EndProject
Project("{9A19103F-16F7-4668-BE54-9A1E7A4F7556}") = "Clientes.Domain", "src\Services\Clientes\Clientes.Domain\Clientes.Domain.csproj", "{CF44AE4B-A9BA-45F8-A8CC-ABD2070E45B4}"
EndProject
Project("{9A19103F-16F7-4668-BE54-9A1E7A4F7556}") = "Clientes.Infra.CrossCutting", "src\Services\Clientes\Clientes.Infra.CrossCutting\Clientes.Infra.CrossCutting.csproj", "{78276D03-A909-45C4-BD82-A9DC672A077C}"
EndProject
Project("{9A19103F-16F7-4668-BE54-9A1E7A4F7556}") = "Clientes.Infra.CrossCutting.IoC", "src\Services\Clientes\Clientes.Infra.CrossCutting.IoC\Clientes.Infra.CrossCutting.IoC.csproj", "{2FB696A8-9C5B-4BCF-BB20-CED19681E0B6}"
EndProject
Project("{9A19103F-16F7-4668-BE54-9A1E7A4F7556}") = "Clientes.Infra.Data", "src\Services\Clientes\Clientes.Infra.Data\Clientes.Infra.Data.csproj", "{44286177-7B5F-4406-91B6-70E28FF422EE}"
EndProject
Project("{2150E333-8FDC-42A3-9474-1A3956D46DE8}") = "tests", "tests", "{E7854B3C-7B4A-4C88-86E6-71C004D700FA}"
EndProject
Project("{9A19103F-16F7-4668-BE54-9A1E7A4F7556}") = "Clientes.Tests", "src\Services\Clientes\tests\Clientes.Tests\Clientes.Tests.csproj", "{F6E02E98-4CE1-4654-B6AB-A620A6688FF2}"
EndProject
Project("{9A19103F-16F7-4668-BE54-9A1E7A4F7556}") = "Contas.Api", "src\Services\Contas\Contas.Api\Contas.Api.csproj", "{9A93159C-16B4-459F-A16D-A5FD195F7BF5}"
EndProject
Project("{9A19103F-16F7-4668-BE54-9A1E7A4F7556}") = "Contas.Application", "src\Services\Contas\Contas.Application\Contas.Application.csproj", "{4784BA65-5726-4537-9985-7B0262E64B38}"
EndProject
Project("{9A19103F-16F7-4668-BE54-9A1E7A4F7556}") = "Contas.Domain", "src\Services\Contas\Contas.Domain\Contas.Domain.csproj", "{0B2507AF-06AB-46D7-910B-DC656545521F}"
EndProject
Project("{9A19103F-16F7-4668-BE54-9A1E7A4F7556}") = "Contas.Infra.Data", "src\Services\Contas\Contas.Infra.Data\Contas.Infra.Data.csproj", "{BE044C26-3418-4991-9B95-63C2BA4B8AB2}"
EndProject
Project("{9A19103F-16F7-4668-BE54-9A1E7A4F7556}") = "Contas.Infra.CrossCutting", "src\Services\Contas\Contas.Infra.CrossCutting\Contas.Infra.CrossCutting.csproj", "{9E811854-3596-437A-8874-418A50774CE6}"
EndProject
Project("{9A19103F-16F7-4668-BE54-9A1E7A4F7556}") = "Contas.Infra.CrossCutting.IoC", "src\Services\Contas\Contas.Infra.CrossCutting.IoC\Contas.Infra.CrossCutting.IoC.csproj", "{9C759B00-B24E-4F35-9D45-F35ADB0BFFB3}"
EndProject
Project("{FAE04EC0-301F-11D3-BF4B-00C04F79EFBC}") = "EventBus.RabbitMQ", "src\BuildingBlocks\EventBus\EventBusRabbitMQ\EventBus.RabbitMQ.csproj", "{A4C44D60-9295-4708-9BA6-081636E7E601}"
EndProject
Project("{FAE04EC0-301F-11D3-BF4B-00C04F79EFBC}") = "EventBus.Core", "src\BuildingBlocks\EventBus\EventBus.Core\EventBus.Core.csproj", "{36084481-1ED6-4FB3-AFB0-B4D3CB3579CC}"
EndProject
Global
	GlobalSection(SolutionConfigurationPlatforms) = preSolution
		Debug|Any CPU = Debug|Any CPU
		Release|Any CPU = Release|Any CPU
	EndGlobalSection
	GlobalSection(ProjectConfigurationPlatforms) = postSolution
		{2BD5B1BB-52DD-4DA7-8EC0-DDE79C4D2BD0}.Debug|Any CPU.ActiveCfg = Debug|Any CPU
		{2BD5B1BB-52DD-4DA7-8EC0-DDE79C4D2BD0}.Debug|Any CPU.Build.0 = Debug|Any CPU
		{2BD5B1BB-52DD-4DA7-8EC0-DDE79C4D2BD0}.Release|Any CPU.ActiveCfg = Release|Any CPU
		{2BD5B1BB-52DD-4DA7-8EC0-DDE79C4D2BD0}.Release|Any CPU.Build.0 = Release|Any CPU
		{96479927-B2E1-4FAE-A912-48808A260216}.Debug|Any CPU.ActiveCfg = Debug|Any CPU
		{96479927-B2E1-4FAE-A912-48808A260216}.Debug|Any CPU.Build.0 = Debug|Any CPU
		{96479927-B2E1-4FAE-A912-48808A260216}.Release|Any CPU.ActiveCfg = Release|Any CPU
		{96479927-B2E1-4FAE-A912-48808A260216}.Release|Any CPU.Build.0 = Release|Any CPU
		{CF44AE4B-A9BA-45F8-A8CC-ABD2070E45B4}.Debug|Any CPU.ActiveCfg = Debug|Any CPU
		{CF44AE4B-A9BA-45F8-A8CC-ABD2070E45B4}.Debug|Any CPU.Build.0 = Debug|Any CPU
		{CF44AE4B-A9BA-45F8-A8CC-ABD2070E45B4}.Release|Any CPU.ActiveCfg = Release|Any CPU
		{CF44AE4B-A9BA-45F8-A8CC-ABD2070E45B4}.Release|Any CPU.Build.0 = Release|Any CPU
		{78276D03-A909-45C4-BD82-A9DC672A077C}.Debug|Any CPU.ActiveCfg = Debug|Any CPU
		{78276D03-A909-45C4-BD82-A9DC672A077C}.Debug|Any CPU.Build.0 = Debug|Any CPU
		{78276D03-A909-45C4-BD82-A9DC672A077C}.Release|Any CPU.ActiveCfg = Release|Any CPU
		{78276D03-A909-45C4-BD82-A9DC672A077C}.Release|Any CPU.Build.0 = Release|Any CPU
		{2FB696A8-9C5B-4BCF-BB20-CED19681E0B6}.Debug|Any CPU.ActiveCfg = Debug|Any CPU
		{2FB696A8-9C5B-4BCF-BB20-CED19681E0B6}.Debug|Any CPU.Build.0 = Debug|Any CPU
		{2FB696A8-9C5B-4BCF-BB20-CED19681E0B6}.Release|Any CPU.ActiveCfg = Release|Any CPU
		{2FB696A8-9C5B-4BCF-BB20-CED19681E0B6}.Release|Any CPU.Build.0 = Release|Any CPU
		{44286177-7B5F-4406-91B6-70E28FF422EE}.Debug|Any CPU.ActiveCfg = Debug|Any CPU
		{44286177-7B5F-4406-91B6-70E28FF422EE}.Debug|Any CPU.Build.0 = Debug|Any CPU
		{44286177-7B5F-4406-91B6-70E28FF422EE}.Release|Any CPU.ActiveCfg = Release|Any CPU
		{44286177-7B5F-4406-91B6-70E28FF422EE}.Release|Any CPU.Build.0 = Release|Any CPU
		{F6E02E98-4CE1-4654-B6AB-A620A6688FF2}.Debug|Any CPU.ActiveCfg = Debug|Any CPU
		{F6E02E98-4CE1-4654-B6AB-A620A6688FF2}.Debug|Any CPU.Build.0 = Debug|Any CPU
		{F6E02E98-4CE1-4654-B6AB-A620A6688FF2}.Release|Any CPU.ActiveCfg = Release|Any CPU
		{F6E02E98-4CE1-4654-B6AB-A620A6688FF2}.Release|Any CPU.Build.0 = Release|Any CPU
		{9A93159C-16B4-459F-A16D-A5FD195F7BF5}.Debug|Any CPU.ActiveCfg = Debug|Any CPU
		{9A93159C-16B4-459F-A16D-A5FD195F7BF5}.Debug|Any CPU.Build.0 = Debug|Any CPU
		{9A93159C-16B4-459F-A16D-A5FD195F7BF5}.Release|Any CPU.ActiveCfg = Release|Any CPU
		{9A93159C-16B4-459F-A16D-A5FD195F7BF5}.Release|Any CPU.Build.0 = Release|Any CPU
		{4784BA65-5726-4537-9985-7B0262E64B38}.Debug|Any CPU.ActiveCfg = Debug|Any CPU
		{4784BA65-5726-4537-9985-7B0262E64B38}.Debug|Any CPU.Build.0 = Debug|Any CPU
		{4784BA65-5726-4537-9985-7B0262E64B38}.Release|Any CPU.ActiveCfg = Release|Any CPU
		{4784BA65-5726-4537-9985-7B0262E64B38}.Release|Any CPU.Build.0 = Release|Any CPU
		{0B2507AF-06AB-46D7-910B-DC656545521F}.Debug|Any CPU.ActiveCfg = Debug|Any CPU
		{0B2507AF-06AB-46D7-910B-DC656545521F}.Debug|Any CPU.Build.0 = Debug|Any CPU
		{0B2507AF-06AB-46D7-910B-DC656545521F}.Release|Any CPU.ActiveCfg = Release|Any CPU
		{0B2507AF-06AB-46D7-910B-DC656545521F}.Release|Any CPU.Build.0 = Release|Any CPU
		{BE044C26-3418-4991-9B95-63C2BA4B8AB2}.Debug|Any CPU.ActiveCfg = Debug|Any CPU
		{BE044C26-3418-4991-9B95-63C2BA4B8AB2}.Debug|Any CPU.Build.0 = Debug|Any CPU
		{BE044C26-3418-4991-9B95-63C2BA4B8AB2}.Release|Any CPU.ActiveCfg = Release|Any CPU
		{BE044C26-3418-4991-9B95-63C2BA4B8AB2}.Release|Any CPU.Build.0 = Release|Any CPU
		{9E811854-3596-437A-8874-418A50774CE6}.Debug|Any CPU.ActiveCfg = Debug|Any CPU
		{9E811854-3596-437A-8874-418A50774CE6}.Debug|Any CPU.Build.0 = Debug|Any CPU
		{9E811854-3596-437A-8874-418A50774CE6}.Release|Any CPU.ActiveCfg = Release|Any CPU
		{9E811854-3596-437A-8874-418A50774CE6}.Release|Any CPU.Build.0 = Release|Any CPU
		{9C759B00-B24E-4F35-9D45-F35ADB0BFFB3}.Debug|Any CPU.ActiveCfg = Debug|Any CPU
		{9C759B00-B24E-4F35-9D45-F35ADB0BFFB3}.Debug|Any CPU.Build.0 = Debug|Any CPU
		{9C759B00-B24E-4F35-9D45-F35ADB0BFFB3}.Release|Any CPU.ActiveCfg = Release|Any CPU
		{9C759B00-B24E-4F35-9D45-F35ADB0BFFB3}.Release|Any CPU.Build.0 = Release|Any CPU
		{A4C44D60-9295-4708-9BA6-081636E7E601}.Debug|Any CPU.ActiveCfg = Debug|Any CPU
		{A4C44D60-9295-4708-9BA6-081636E7E601}.Debug|Any CPU.Build.0 = Debug|Any CPU
		{A4C44D60-9295-4708-9BA6-081636E7E601}.Release|Any CPU.ActiveCfg = Release|Any CPU
		{A4C44D60-9295-4708-9BA6-081636E7E601}.Release|Any CPU.Build.0 = Release|Any CPU
		{36084481-1ED6-4FB3-AFB0-B4D3CB3579CC}.Debug|Any CPU.ActiveCfg = Debug|Any CPU
		{36084481-1ED6-4FB3-AFB0-B4D3CB3579CC}.Debug|Any CPU.Build.0 = Debug|Any CPU
		{36084481-1ED6-4FB3-AFB0-B4D3CB3579CC}.Release|Any CPU.ActiveCfg = Release|Any CPU
		{36084481-1ED6-4FB3-AFB0-B4D3CB3579CC}.Release|Any CPU.Build.0 = Release|Any CPU
	EndGlobalSection
	GlobalSection(SolutionProperties) = preSolution
		HideSolutionNode = FALSE
	EndGlobalSection
	GlobalSection(NestedProjects) = preSolution
		{7DD83D5F-3228-41F8-9AF3-4E8AE33E3875} = {9CBC7286-B224-448F-96DD-1AF7B5B7067B}
		{8F20ADE0-3BCB-4426-AE70-93BBA5DDCA5A} = {9CBC7286-B224-448F-96DD-1AF7B5B7067B}
		{677366E3-FE8F-4EBB-A47C-B405D4D4B1CC} = {9CBC7286-B224-448F-96DD-1AF7B5B7067B}
		{49A0DF08-FA3F-44CA-A195-200CA6EAEA36} = {7DD83D5F-3228-41F8-9AF3-4E8AE33E3875}
		{5674C1F0-28AB-4870-9EEE-CB2B4407E33C} = {8F20ADE0-3BCB-4426-AE70-93BBA5DDCA5A}
		{6CF10F25-2E64-47A8-9F0F-43FACBFBD524} = {8F20ADE0-3BCB-4426-AE70-93BBA5DDCA5A}
		{2BD5B1BB-52DD-4DA7-8EC0-DDE79C4D2BD0} = {5674C1F0-28AB-4870-9EEE-CB2B4407E33C}
		{96479927-B2E1-4FAE-A912-48808A260216} = {5674C1F0-28AB-4870-9EEE-CB2B4407E33C}
		{CF44AE4B-A9BA-45F8-A8CC-ABD2070E45B4} = {5674C1F0-28AB-4870-9EEE-CB2B4407E33C}
		{78276D03-A909-45C4-BD82-A9DC672A077C} = {5674C1F0-28AB-4870-9EEE-CB2B4407E33C}
		{2FB696A8-9C5B-4BCF-BB20-CED19681E0B6} = {5674C1F0-28AB-4870-9EEE-CB2B4407E33C}
		{44286177-7B5F-4406-91B6-70E28FF422EE} = {5674C1F0-28AB-4870-9EEE-CB2B4407E33C}
		{E7854B3C-7B4A-4C88-86E6-71C004D700FA} = {5674C1F0-28AB-4870-9EEE-CB2B4407E33C}
		{F6E02E98-4CE1-4654-B6AB-A620A6688FF2} = {E7854B3C-7B4A-4C88-86E6-71C004D700FA}
		{9A93159C-16B4-459F-A16D-A5FD195F7BF5} = {6CF10F25-2E64-47A8-9F0F-43FACBFBD524}
		{4784BA65-5726-4537-9985-7B0262E64B38} = {6CF10F25-2E64-47A8-9F0F-43FACBFBD524}
		{0B2507AF-06AB-46D7-910B-DC656545521F} = {6CF10F25-2E64-47A8-9F0F-43FACBFBD524}
		{BE044C26-3418-4991-9B95-63C2BA4B8AB2} = {6CF10F25-2E64-47A8-9F0F-43FACBFBD524}
		{9E811854-3596-437A-8874-418A50774CE6} = {6CF10F25-2E64-47A8-9F0F-43FACBFBD524}
		{9C759B00-B24E-4F35-9D45-F35ADB0BFFB3} = {6CF10F25-2E64-47A8-9F0F-43FACBFBD524}
		{A4C44D60-9295-4708-9BA6-081636E7E601} = {49A0DF08-FA3F-44CA-A195-200CA6EAEA36}
		{36084481-1ED6-4FB3-AFB0-B4D3CB3579CC} = {49A0DF08-FA3F-44CA-A195-200CA6EAEA36}
	EndGlobalSection
	GlobalSection(ExtensibilityGlobals) = postSolution
		SolutionGuid = {5F6BE9E7-EA54-434D-91AD-ECF1918F73D3}
	EndGlobalSection
EndGlobal
